# THIS IS AN AUTOGENERATED FILE. DO NOT EDIT THIS FILE DIRECTLY.
# yarn lockfile v1


navigo@^7.1.2:
  version "7.1.2"
  resolved "https://registry.yarnpkg.com/navigo/-/navigo-7.1.2.tgz#f543098ae5cbc5763b926742b5047ffb68a187e2"
  integrity sha512-OlhxHxhLM62X0Sjbkp5wlm1V6GpOIKShFu7dS/fDS3cVqzMHYS880LT5tu6JjGkrSYQbtCNDADmRIP47MoVGlA==
